packages:
  apb:
    revision: null
    version: null
    source:
      Path: hardware/deps/apb
    dependencies:
    - common_cells
  axi:
    revision: null
    version: null
    source:
      Path: hardware/deps/axi
    dependencies:
    - common_cells
    - common_verification
    - tech_cells_generic
  axi_riscv_atomics:
    revision: null
    version: null
    source:
      Path: hardware/deps/axi_riscv_atomics
    dependencies:
    - axi
    - common_cells
    - common_verification
  cluster_interconnect:
    revision: null
    version: null
    source:
      Path: hardware/deps/cluster_interconnect
    dependencies:
    - common_cells
  common_cells:
    revision: null
    version: null
    source:
      Path: hardware/deps/common_cells
    dependencies:
    - common_verification
    - tech_cells_generic
  common_verification:
    revision: null
    version: null
    source:
      Path: hardware/deps/common_verification
    dependencies: []
  floo_noc:
    revision: 3f6902713c2f65241987d5eebafc2c35cc73ff5f
    version: null
    source:
      Git: https://github.com/pulp-platform/FlooNoC.git
    dependencies:
    - axi
    - axi_riscv_atomics
    - common_cells
    - common_verification
    - idma
  fpnew:
    revision: null
    version: null
    source:
      Path: hardware/deps/fpnew
    dependencies:
    - common_cells
    - fpu_div_sqrt_mvp
  fpu_div_sqrt_mvp:
    revision: null
    version: null
    source:
      Path: hardware/deps/fpu_div_sqrt_mvp
    dependencies:
    - common_cells
  idma:
    revision: null
    version: null
    source:
      Path: hardware/deps/idma
    dependencies:
    - axi
    - common_cells
    - common_verification
    - register_interface
  register_interface:
    revision: null
    version: null
    source:
      Path: hardware/deps/register_interface
    dependencies:
    - apb
    - axi
    - common_cells
    - common_verification
  reqrsp_interface:
    revision: null
    version: null
    source:
      Path: hardware/deps/reqrsp_interface
    dependencies:
    - axi
    - common_cells
  snitch:
    revision: null
    version: null
    source:
      Path: hardware/deps/snitch
    dependencies:
    - axi
    - common_cells
  tech_cells_generic:
    revision: null
    version: null
    source:
      Path: hardware/deps/tech_cells_generic
    dependencies:
    - common_verification
