packages:
  apb:
    revision: null
    version: null
    source:
      Path: hardware/deps/apb
    dependencies:
    - common_cells
  axi:
    revision: null
    version: null
    source:
      Path: hardware/deps/axi
    dependencies:
    - common_cells
    - common_verification
    - tech_cells_generic
  cluster_interconnect:
    revision: d6eb72eed6f407261c3cf115e144c14c29c824ad
    version: null
    source:
      Git: "https://github.com/DiyouS/cluster_interconnect.git"
    dependencies:
    - common_cells
  common_cells:
    revision: null
    version: null
    source:
      Path: hardware/deps/common_cells
    dependencies:
    - common_verification
    - tech_cells_generic
  common_verification:
    revision: null
    version: null
    source:
      Path: hardware/deps/common_verification
    dependencies: []
  fpnew:
    revision: null
    version: null
    source:
      Path: hardware/deps/fpnew
    dependencies:
    - common_cells
    - fpu_div_sqrt_mvp
  fpu_div_sqrt_mvp:
    revision: null
    version: null
    source:
      Path: hardware/deps/fpu_div_sqrt_mvp
    dependencies:
    - common_cells
  idma:
    revision: null
    version: null
    source:
      Path: hardware/deps/idma
    dependencies:
    - axi
    - common_cells
    - common_verification
    - register_interface
  register_interface:
    revision: null
    version: null
    source:
      Path: hardware/deps/register_interface
    dependencies:
    - apb
    - axi
    - common_cells
    - common_verification
  reqrsp_interface:
    revision: null
    version: null
    source:
      Path: hardware/deps/reqrsp_interface
    dependencies:
    - axi
    - common_cells
  snitch:
    revision: null
    version: null
    source:
      Path: hardware/deps/snitch
    dependencies:
    - axi
    - common_cells
  spatz:
    revision: ee32f12ef0886a733b088a413743113dfafa8692
    version: null
    source:
      Git: git@iis-git.ee.ethz.ch:spatz/spatz.git
    dependencies:
    - axi
    - axi_riscv_atomics
    - common_cells
    - fpnew
    - idma
    - register_interface
    - riscv-dbg
    - tech_cells_generic
  tech_cells_generic:
    revision: null
    version: null
    source:
      Path: hardware/deps/tech_cells_generic
    dependencies:
    - common_verification
